// !$*UTF8*$!
{
	archiveVersion = 1;
	classes = {
	};
	objectVersion = 50;
	objects = {

/* Begin PBXBuildFile section */
		161F520ED6AB70534B3E1D4A /* Pods_ZoomedUITests.framework in Frameworks */ = {isa = PBXBuildFile; fileRef = 24279FC885635C254875D012 /* Pods_ZoomedUITests.framework */; };
		9468DFF4A9FA5E44254091AA /* Pods_ZoomedTests.framework in Frameworks */ = {isa = PBXBuildFile; fileRef = 729CD4D516CD938A529314F4 /* Pods_ZoomedTests.framework */; };
		A0BCAA8A2553A75500075A9D /* PrivateImage.m in Sources */ = {isa = PBXBuildFile; fileRef = A0BCAA892553A75500075A9D /* PrivateImage.m */; };
		A0C6A637255EA37D008AA16F /* TestViewController.m in Sources */ = {isa = PBXBuildFile; fileRef = A0C6A636255EA37D008AA16F /* TestViewController.m */; };
		A0C6A641255EA802008AA16F /* NavigationController.m in Sources */ = {isa = PBXBuildFile; fileRef = A0C6A640255EA802008AA16F /* NavigationController.m */; };
		A0C6A647255EAC22008AA16F /* AViewController.m in Sources */ = {isa = PBXBuildFile; fileRef = A0C6A646255EAC22008AA16F /* AViewController.m */; };
		A0CD4E1B2550F70D00FE2458 /* AppDelegate.m in Sources */ = {isa = PBXBuildFile; fileRef = A0CD4E1A2550F70D00FE2458 /* AppDelegate.m */; };
		A0CD4E212550F70D00FE2458 /* ViewController.m in Sources */ = {isa = PBXBuildFile; fileRef = A0CD4E202550F70D00FE2458 /* ViewController.m */; };
		A0CD4E262550F70F00FE2458 /* Assets.xcassets in Resources */ = {isa = PBXBuildFile; fileRef = A0CD4E252550F70F00FE2458 /* Assets.xcassets */; };
		A0CD4E292550F70F00FE2458 /* LaunchScreen.storyboard in Resources */ = {isa = PBXBuildFile; fileRef = A0CD4E272550F70F00FE2458 /* LaunchScreen.storyboard */; };
		A0CD4E2C2550F70F00FE2458 /* main.m in Sources */ = {isa = PBXBuildFile; fileRef = A0CD4E2B2550F70F00FE2458 /* main.m */; };
		A0CD4E362550F70F00FE2458 /* ZoomedTests.m in Sources */ = {isa = PBXBuildFile; fileRef = A0CD4E352550F70F00FE2458 /* ZoomedTests.m */; };
		A0CD4E412550F70F00FE2458 /* ZoomedUITests.m in Sources */ = {isa = PBXBuildFile; fileRef = A0CD4E402550F70F00FE2458 /* ZoomedUITests.m */; };
		A0E91DBF2551073600F7511B /* ScreenBoundsPrint.m in Sources */ = {isa = PBXBuildFile; fileRef = A0E91DBE2551073600F7511B /* ScreenBoundsPrint.m */; };
		A0E91DC92551134C00F7511B /* TabBarController.m in Sources */ = {isa = PBXBuildFile; fileRef = A0E91DC82551134B00F7511B /* TabBarController.m */; };
		A0E91DCF2551300600F7511B /* UIImageView+ContentScaleFactor.m in Sources */ = {isa = PBXBuildFile; fileRef = A0E91DCE2551300500F7511B /* UIImageView+ContentScaleFactor.m */; };
		A0E91DD52551615900F7511B /* UIScreen+NativeScale.m in Sources */ = {isa = PBXBuildFile; fileRef = A0E91DD42551615900F7511B /* UIScreen+NativeScale.m */; };
		A0E91DE4255166CC00F7511B /* PrivateScreenMode.m in Sources */ = {isa = PBXBuildFile; fileRef = A0E91DE3255166CC00F7511B /* PrivateScreenMode.m */; };
		CC328892D87B9FC3EF7D279F /* Pods_Zoomed.framework in Frameworks */ = {isa = PBXBuildFile; fileRef = A09AA9307413D75F99682271 /* Pods_Zoomed.framework */; };
/* End PBXBuildFile section */

/* Begin PBXContainerItemProxy section */
		A0CD4E322550F70F00FE2458 /* PBXContainerItemProxy */ = {
			isa = PBXContainerItemProxy;
			containerPortal = A0CD4E0E2550F70D00FE2458 /* Project object */;
			proxyType = 1;
			remoteGlobalIDString = A0CD4E152550F70D00FE2458;
			remoteInfo = Zoomed;
		};
		A0CD4E3D2550F70F00FE2458 /* PBXContainerItemProxy */ = {
			isa = PBXContainerItemProxy;
			containerPortal = A0CD4E0E2550F70D00FE2458 /* Project object */;
			proxyType = 1;
			remoteGlobalIDString = A0CD4E152550F70D00FE2458;
			remoteInfo = Zoomed;
		};
/* End PBXContainerItemProxy section */

/* Begin PBXFileReference section */
		24279FC885635C254875D012 /* Pods_ZoomedUITests.framework */ = {isa = PBXFileReference; explicitFileType = wrapper.framework; includeInIndex = 0; path = Pods_ZoomedUITests.framework; sourceTree = BUILT_PRODUCTS_DIR; };
		3B1495BCD52F45BAC3C4556C /* Pods-ZoomedUITests.release.xcconfig */ = {isa = PBXFileReference; includeInIndex = 1; lastKnownFileType = text.xcconfig; name = "Pods-ZoomedUITests.release.xcconfig"; path = "Pods/Target Support Files/Pods-ZoomedUITests/Pods-ZoomedUITests.release.xcconfig"; sourceTree = "<group>"; };
		3E4D68424E2FF5461BEE3DA1 /* Pods-Zoomed.release.xcconfig */ = {isa = PBXFileReference; includeInIndex = 1; lastKnownFileType = text.xcconfig; name = "Pods-Zoomed.release.xcconfig"; path = "Pods/Target Support Files/Pods-Zoomed/Pods-Zoomed.release.xcconfig"; sourceTree = "<group>"; };
		4B054421529CFC70FA7E04C3 /* Pods-ZoomedTests.debug.xcconfig */ = {isa = PBXFileReference; includeInIndex = 1; lastKnownFileType = text.xcconfig; name = "Pods-ZoomedTests.debug.xcconfig"; path = "Pods/Target Support Files/Pods-ZoomedTests/Pods-ZoomedTests.debug.xcconfig"; sourceTree = "<group>"; };
		729CD4D516CD938A529314F4 /* Pods_ZoomedTests.framework */ = {isa = PBXFileReference; explicitFileType = wrapper.framework; includeInIndex = 0; path = Pods_ZoomedTests.framework; sourceTree = BUILT_PRODUCTS_DIR; };
		88DF435F4868CAE2D4E70F4F /* Pods-ZoomedUITests.debug.xcconfig */ = {isa = PBXFileReference; includeInIndex = 1; lastKnownFileType = text.xcconfig; name = "Pods-ZoomedUITests.debug.xcconfig"; path = "Pods/Target Support Files/Pods-ZoomedUITests/Pods-ZoomedUITests.debug.xcconfig"; sourceTree = "<group>"; };
		8E299038B4CD144128F6154B /* Pods-Zoomed.debug.xcconfig */ = {isa = PBXFileReference; includeInIndex = 1; lastKnownFileType = text.xcconfig; name = "Pods-Zoomed.debug.xcconfig"; path = "Pods/Target Support Files/Pods-Zoomed/Pods-Zoomed.debug.xcconfig"; sourceTree = "<group>"; };
		A09AA9307413D75F99682271 /* Pods_Zoomed.framework */ = {isa = PBXFileReference; explicitFileType = wrapper.framework; includeInIndex = 0; path = Pods_Zoomed.framework; sourceTree = BUILT_PRODUCTS_DIR; };
		A0BCAA882553A75500075A9D /* PrivateImage.h */ = {isa = PBXFileReference; lastKnownFileType = sourcecode.c.h; path = PrivateImage.h; sourceTree = "<group>"; };
		A0BCAA892553A75500075A9D /* PrivateImage.m */ = {isa = PBXFileReference; lastKnownFileType = sourcecode.c.objc; path = PrivateImage.m; sourceTree = "<group>"; };
		A0C6A635255EA37D008AA16F /* TestViewController.h */ = {isa = PBXFileReference; lastKnownFileType = sourcecode.c.h; path = TestViewController.h; sourceTree = "<group>"; };
		A0C6A636255EA37D008AA16F /* TestViewController.m */ = {isa = PBXFileReference; lastKnownFileType = sourcecode.c.objc; path = TestViewController.m; sourceTree = "<group>"; };
		A0C6A63B255EA3AB008AA16F /* ViewController+Private.h */ = {isa = PBXFileReference; lastKnownFileType = sourcecode.c.h; path = "ViewController+Private.h"; sourceTree = "<group>"; };
		A0C6A63F255EA802008AA16F /* NavigationController.h */ = {isa = PBXFileReference; lastKnownFileType = sourcecode.c.h; path = NavigationController.h; sourceTree = "<group>"; };
		A0C6A640255EA802008AA16F /* NavigationController.m */ = {isa = PBXFileReference; lastKnownFileType = sourcecode.c.objc; path = NavigationController.m; sourceTree = "<group>"; };
		A0C6A645255EAC22008AA16F /* AViewController.h */ = {isa = PBXFileReference; lastKnownFileType = sourcecode.c.h; path = AViewController.h; sourceTree = "<group>"; };
		A0C6A646255EAC22008AA16F /* AViewController.m */ = {isa = PBXFileReference; lastKnownFileType = sourcecode.c.objc; path = AViewController.m; sourceTree = "<group>"; };
		A0CD4E162550F70D00FE2458 /* Zoomed.app */ = {isa = PBXFileReference; explicitFileType = wrapper.application; includeInIndex = 0; path = Zoomed.app; sourceTree = BUILT_PRODUCTS_DIR; };
		A0CD4E192550F70D00FE2458 /* AppDelegate.h */ = {isa = PBXFileReference; lastKnownFileType = sourcecode.c.h; path = AppDelegate.h; sourceTree = "<group>"; };
		A0CD4E1A2550F70D00FE2458 /* AppDelegate.m */ = {isa = PBXFileReference; lastKnownFileType = sourcecode.c.objc; path = AppDelegate.m; sourceTree = "<group>"; };
		A0CD4E1F2550F70D00FE2458 /* ViewController.h */ = {isa = PBXFileReference; lastKnownFileType = sourcecode.c.h; path = ViewController.h; sourceTree = "<group>"; };
		A0CD4E202550F70D00FE2458 /* ViewController.m */ = {isa = PBXFileReference; lastKnownFileType = sourcecode.c.objc; path = ViewController.m; sourceTree = "<group>"; };
		A0CD4E252550F70F00FE2458 /* Assets.xcassets */ = {isa = PBXFileReference; lastKnownFileType = folder.assetcatalog; path = Assets.xcassets; sourceTree = "<group>"; };
		A0CD4E282550F70F00FE2458 /* Base */ = {isa = PBXFileReference; lastKnownFileType = file.storyboard; name = Base; path = Base.lproj/LaunchScreen.storyboard; sourceTree = "<group>"; };
		A0CD4E2A2550F70F00FE2458 /* Info.plist */ = {isa = PBXFileReference; lastKnownFileType = text.plist.xml; path = Info.plist; sourceTree = "<group>"; };
		A0CD4E2B2550F70F00FE2458 /* main.m */ = {isa = PBXFileReference; lastKnownFileType = sourcecode.c.objc; path = main.m; sourceTree = "<group>"; };
		A0CD4E312550F70F00FE2458 /* ZoomedTests.xctest */ = {isa = PBXFileReference; explicitFileType = wrapper.cfbundle; includeInIndex = 0; path = ZoomedTests.xctest; sourceTree = BUILT_PRODUCTS_DIR; };
		A0CD4E352550F70F00FE2458 /* ZoomedTests.m */ = {isa = PBXFileReference; lastKnownFileType = sourcecode.c.objc; path = ZoomedTests.m; sourceTree = "<group>"; };
		A0CD4E372550F70F00FE2458 /* Info.plist */ = {isa = PBXFileReference; lastKnownFileType = text.plist.xml; path = Info.plist; sourceTree = "<group>"; };
		A0CD4E3C2550F70F00FE2458 /* ZoomedUITests.xctest */ = {isa = PBXFileReference; explicitFileType = wrapper.cfbundle; includeInIndex = 0; path = ZoomedUITests.xctest; sourceTree = BUILT_PRODUCTS_DIR; };
		A0CD4E402550F70F00FE2458 /* ZoomedUITests.m */ = {isa = PBXFileReference; lastKnownFileType = sourcecode.c.objc; path = ZoomedUITests.m; sourceTree = "<group>"; };
		A0CD4E422550F70F00FE2458 /* Info.plist */ = {isa = PBXFileReference; lastKnownFileType = text.plist.xml; path = Info.plist; sourceTree = "<group>"; };
		A0E91DBD2551073600F7511B /* ScreenBoundsPrint.h */ = {isa = PBXFileReference; lastKnownFileType = sourcecode.c.h; path = ScreenBoundsPrint.h; sourceTree = "<group>"; };
		A0E91DBE2551073600F7511B /* ScreenBoundsPrint.m */ = {isa = PBXFileReference; lastKnownFileType = sourcecode.c.objc; path = ScreenBoundsPrint.m; sourceTree = "<group>"; };
		A0E91DC72551134B00F7511B /* TabBarController.h */ = {isa = PBXFileReference; lastKnownFileType = sourcecode.c.h; path = TabBarController.h; sourceTree = "<group>"; };
		A0E91DC82551134B00F7511B /* TabBarController.m */ = {isa = PBXFileReference; lastKnownFileType = sourcecode.c.objc; path = TabBarController.m; sourceTree = "<group>"; };
		A0E91DCD2551300500F7511B /* UIImageView+ContentScaleFactor.h */ = {isa = PBXFileReference; lastKnownFileType = sourcecode.c.h; path = "UIImageView+ContentScaleFactor.h"; sourceTree = "<group>"; };
		A0E91DCE2551300500F7511B /* UIImageView+ContentScaleFactor.m */ = {isa = PBXFileReference; lastKnownFileType = sourcecode.c.objc; path = "UIImageView+ContentScaleFactor.m"; sourceTree = "<group>"; };
		A0E91DD32551615900F7511B /* UIScreen+NativeScale.h */ = {isa = PBXFileReference; lastKnownFileType = sourcecode.c.h; path = "UIScreen+NativeScale.h"; sourceTree = "<group>"; };
		A0E91DD42551615900F7511B /* UIScreen+NativeScale.m */ = {isa = PBXFileReference; lastKnownFileType = sourcecode.c.objc; path = "UIScreen+NativeScale.m"; sourceTree = "<group>"; };
		A0E91DE2255166CC00F7511B /* PrivateScreenMode.h */ = {isa = PBXFileReference; lastKnownFileType = sourcecode.c.h; path = PrivateScreenMode.h; sourceTree = "<group>"; };
		A0E91DE3255166CC00F7511B /* PrivateScreenMode.m */ = {isa = PBXFileReference; lastKnownFileType = sourcecode.c.objc; path = PrivateScreenMode.m; sourceTree = "<group>"; };
		DE0CF3E4B4E5C16DF6F28785 /* Pods-ZoomedTests.release.xcconfig */ = {isa = PBXFileReference; includeInIndex = 1; lastKnownFileType = text.xcconfig; name = "Pods-ZoomedTests.release.xcconfig"; path = "Pods/Target Support Files/Pods-ZoomedTests/Pods-ZoomedTests.release.xcconfig"; sourceTree = "<group>"; };
/* End PBXFileReference section */

/* Begin PBXFrameworksBuildPhase section */
		A0CD4E132550F70D00FE2458 /* Frameworks */ = {
			isa = PBXFrameworksBuildPhase;
			buildActionMask = 2147483647;
			files = (
				CC328892D87B9FC3EF7D279F /* Pods_Zoomed.framework in Frameworks */,
			);
			runOnlyForDeploymentPostprocessing = 0;
		};
		A0CD4E2E2550F70F00FE2458 /* Frameworks */ = {
			isa = PBXFrameworksBuildPhase;
			buildActionMask = 2147483647;
			files = (
				9468DFF4A9FA5E44254091AA /* Pods_ZoomedTests.framework in Frameworks */,
			);
			runOnlyForDeploymentPostprocessing = 0;
		};
		A0CD4E392550F70F00FE2458 /* Frameworks */ = {
			isa = PBXFrameworksBuildPhase;
			buildActionMask = 2147483647;
			files = (
				161F520ED6AB70534B3E1D4A /* Pods_ZoomedUITests.framework in Frameworks */,
			);
			runOnlyForDeploymentPostprocessing = 0;
		};
/* End PBXFrameworksBuildPhase section */

/* Begin PBXGroup section */
		A0CD4E0D2550F70D00FE2458 = {
			isa = PBXGroup;
			children = (
				A0CD4E182550F70D00FE2458 /* Zoomed */,
				A0CD4E342550F70F00FE2458 /* ZoomedTests */,
				A0CD4E3F2550F70F00FE2458 /* ZoomedUITests */,
				A0CD4E172550F70D00FE2458 /* Products */,
				F81675E81EEAE26E7B89198A /* Pods */,
				F9B137FCCEB195F77E06CACD /* Frameworks */,
			);
			sourceTree = "<group>";
		};
		A0CD4E172550F70D00FE2458 /* Products */ = {
			isa = PBXGroup;
			children = (
				A0CD4E162550F70D00FE2458 /* Zoomed.app */,
				A0CD4E312550F70F00FE2458 /* ZoomedTests.xctest */,
				A0CD4E3C2550F70F00FE2458 /* ZoomedUITests.xctest */,
			);
			name = Products;
			sourceTree = "<group>";
		};
		A0CD4E182550F70D00FE2458 /* Zoomed */ = {
			isa = PBXGroup;
			children = (
				A0CD4E192550F70D00FE2458 /* AppDelegate.h */,
				A0CD4E1A2550F70D00FE2458 /* AppDelegate.m */,
				A0E91DC72551134B00F7511B /* TabBarController.h */,
				A0E91DC82551134B00F7511B /* TabBarController.m */,
				A0CD4E1F2550F70D00FE2458 /* ViewController.h */,
				A0C6A63B255EA3AB008AA16F /* ViewController+Private.h */,
				A0CD4E202550F70D00FE2458 /* ViewController.m */,
				A0C6A635255EA37D008AA16F /* TestViewController.h */,
				A0C6A636255EA37D008AA16F /* TestViewController.m */,
				A0C6A645255EAC22008AA16F /* AViewController.h */,
				A0C6A646255EAC22008AA16F /* AViewController.m */,
				A0C6A63F255EA802008AA16F /* NavigationController.h */,
				A0C6A640255EA802008AA16F /* NavigationController.m */,
				A0E91DCD2551300500F7511B /* UIImageView+ContentScaleFactor.h */,
				A0E91DCE2551300500F7511B /* UIImageView+ContentScaleFactor.m */,
				A0BCAA882553A75500075A9D /* PrivateImage.h */,
				A0BCAA892553A75500075A9D /* PrivateImage.m */,
				A0E91DD32551615900F7511B /* UIScreen+NativeScale.h */,
				A0E91DD42551615900F7511B /* UIScreen+NativeScale.m */,
				A0E91DE2255166CC00F7511B /* PrivateScreenMode.h */,
				A0E91DE3255166CC00F7511B /* PrivateScreenMode.m */,
				A0E91DBD2551073600F7511B /* ScreenBoundsPrint.h */,
				A0E91DBE2551073600F7511B /* ScreenBoundsPrint.m */,
				A0CD4E252550F70F00FE2458 /* Assets.xcassets */,
				A0CD4E272550F70F00FE2458 /* LaunchScreen.storyboard */,
				A0CD4E2A2550F70F00FE2458 /* Info.plist */,
				A0CD4E2B2550F70F00FE2458 /* main.m */,
			);
			path = Zoomed;
			sourceTree = "<group>";
		};
		A0CD4E342550F70F00FE2458 /* ZoomedTests */ = {
			isa = PBXGroup;
			children = (
				A0CD4E352550F70F00FE2458 /* ZoomedTests.m */,
				A0CD4E372550F70F00FE2458 /* Info.plist */,
			);
			path = ZoomedTests;
			sourceTree = "<group>";
		};
		A0CD4E3F2550F70F00FE2458 /* ZoomedUITests */ = {
			isa = PBXGroup;
			children = (
				A0CD4E402550F70F00FE2458 /* ZoomedUITests.m */,
				A0CD4E422550F70F00FE2458 /* Info.plist */,
			);
			path = ZoomedUITests;
			sourceTree = "<group>";
		};
		F81675E81EEAE26E7B89198A /* Pods */ = {
			isa = PBXGroup;
			children = (
				8E299038B4CD144128F6154B /* Pods-Zoomed.debug.xcconfig */,
				3E4D68424E2FF5461BEE3DA1 /* Pods-Zoomed.release.xcconfig */,
				4B054421529CFC70FA7E04C3 /* Pods-ZoomedTests.debug.xcconfig */,
				DE0CF3E4B4E5C16DF6F28785 /* Pods-ZoomedTests.release.xcconfig */,
				88DF435F4868CAE2D4E70F4F /* Pods-ZoomedUITests.debug.xcconfig */,
				3B1495BCD52F45BAC3C4556C /* Pods-ZoomedUITests.release.xcconfig */,
			);
			name = Pods;
			sourceTree = "<group>";
		};
		F9B137FCCEB195F77E06CACD /* Frameworks */ = {
			isa = PBXGroup;
			children = (
				A09AA9307413D75F99682271 /* Pods_Zoomed.framework */,
				729CD4D516CD938A529314F4 /* Pods_ZoomedTests.framework */,
				24279FC885635C254875D012 /* Pods_ZoomedUITests.framework */,
			);
			name = Frameworks;
			sourceTree = "<group>";
		};
/* End PBXGroup section */

/* Begin PBXNativeTarget section */
		A0CD4E152550F70D00FE2458 /* Zoomed */ = {
			isa = PBXNativeTarget;
			buildConfigurationList = A0CD4E452550F70F00FE2458 /* Build configuration list for PBXNativeTarget "Zoomed" */;
			buildPhases = (
				B3A5A4F77A22CEE3DEF89E54 /* [CP] Check Pods Manifest.lock */,
				A0CD4E122550F70D00FE2458 /* Sources */,
				A0CD4E132550F70D00FE2458 /* Frameworks */,
				A0CD4E142550F70D00FE2458 /* Resources */,
				B54009B2BE77A2644C5A9C3D /* [CP] Embed Pods Frameworks */,
				67770BDE2B0161FB81E022D9 /* [CP] Copy Pods Resources */,
			);
			buildRules = (
			);
			dependencies = (
			);
			name = Zoomed;
			productName = Zoomed;
			productReference = A0CD4E162550F70D00FE2458 /* Zoomed.app */;
			productType = "com.apple.product-type.application";
		};
		A0CD4E302550F70F00FE2458 /* ZoomedTests */ = {
			isa = PBXNativeTarget;
			buildConfigurationList = A0CD4E482550F70F00FE2458 /* Build configuration list for PBXNativeTarget "ZoomedTests" */;
			buildPhases = (
				D0858EF56FB7AB0F75E8CDE3 /* [CP] Check Pods Manifest.lock */,
				A0CD4E2D2550F70F00FE2458 /* Sources */,
				A0CD4E2E2550F70F00FE2458 /* Frameworks */,
				A0CD4E2F2550F70F00FE2458 /* Resources */,
				6729B2023E53B8447523AB55 /* [CP] Embed Pods Frameworks */,
				D0F3712DA6D764DBA23239C8 /* [CP] Copy Pods Resources */,
			);
			buildRules = (
			);
			dependencies = (
				A0CD4E332550F70F00FE2458 /* PBXTargetDependency */,
			);
			name = ZoomedTests;
			productName = ZoomedTests;
			productReference = A0CD4E312550F70F00FE2458 /* ZoomedTests.xctest */;
			productType = "com.apple.product-type.bundle.unit-test";
		};
		A0CD4E3B2550F70F00FE2458 /* ZoomedUITests */ = {
			isa = PBXNativeTarget;
			buildConfigurationList = A0CD4E4B2550F70F00FE2458 /* Build configuration list for PBXNativeTarget "ZoomedUITests" */;
			buildPhases = (
				A540C2BAE7082B599D6037DE /* [CP] Check Pods Manifest.lock */,
				A0CD4E382550F70F00FE2458 /* Sources */,
				A0CD4E392550F70F00FE2458 /* Frameworks */,
				A0CD4E3A2550F70F00FE2458 /* Resources */,
				5DB126868BC22D717BA7DB8C /* [CP] Embed Pods Frameworks */,
				90DF8BA11A5D7FE7F92BA045 /* [CP] Copy Pods Resources */,
			);
			buildRules = (
			);
			dependencies = (
				A0CD4E3E2550F70F00FE2458 /* PBXTargetDependency */,
			);
			name = ZoomedUITests;
			productName = ZoomedUITests;
			productReference = A0CD4E3C2550F70F00FE2458 /* ZoomedUITests.xctest */;
			productType = "com.apple.product-type.bundle.ui-testing";
		};
/* End PBXNativeTarget section */

/* Begin PBXProject section */
		A0CD4E0E2550F70D00FE2458 /* Project object */ = {
			isa = PBXProject;
			attributes = {
				LastUpgradeCheck = 1210;
				TargetAttributes = {
					A0CD4E152550F70D00FE2458 = {
						CreatedOnToolsVersion = 12.1;
					};
					A0CD4E302550F70F00FE2458 = {
						CreatedOnToolsVersion = 12.1;
						TestTargetID = A0CD4E152550F70D00FE2458;
					};
					A0CD4E3B2550F70F00FE2458 = {
						CreatedOnToolsVersion = 12.1;
						TestTargetID = A0CD4E152550F70D00FE2458;
					};
				};
			};
			buildConfigurationList = A0CD4E112550F70D00FE2458 /* Build configuration list for PBXProject "Zoomed" */;
			compatibilityVersion = "Xcode 9.3";
			developmentRegion = en;
			hasScannedForEncodings = 0;
			knownRegions = (
				en,
				Base,
			);
			mainGroup = A0CD4E0D2550F70D00FE2458;
			productRefGroup = A0CD4E172550F70D00FE2458 /* Products */;
			projectDirPath = "";
			projectRoot = "";
			targets = (
				A0CD4E152550F70D00FE2458 /* Zoomed */,
				A0CD4E302550F70F00FE2458 /* ZoomedTests */,
				A0CD4E3B2550F70F00FE2458 /* ZoomedUITests */,
			);
		};
/* End PBXProject section */

/* Begin PBXResourcesBuildPhase section */
		A0CD4E142550F70D00FE2458 /* Resources */ = {
			isa = PBXResourcesBuildPhase;
			buildActionMask = 2147483647;
			files = (
				A0CD4E292550F70F00FE2458 /* LaunchScreen.storyboard in Resources */,
				A0CD4E262550F70F00FE2458 /* Assets.xcassets in Resources */,
			);
			runOnlyForDeploymentPostprocessing = 0;
		};
		A0CD4E2F2550F70F00FE2458 /* Resources */ = {
			isa = PBXResourcesBuildPhase;
			buildActionMask = 2147483647;
			files = (
			);
			runOnlyForDeploymentPostprocessing = 0;
		};
		A0CD4E3A2550F70F00FE2458 /* Resources */ = {
			isa = PBXResourcesBuildPhase;
			buildActionMask = 2147483647;
			files = (
			);
			runOnlyForDeploymentPostprocessing = 0;
		};
/* End PBXResourcesBuildPhase section */

/* Begin PBXShellScriptBuildPhase section */
		5DB126868BC22D717BA7DB8C /* [CP] Embed Pods Frameworks */ = {
			isa = PBXShellScriptBuildPhase;
			buildActionMask = 2147483647;
			files = (
			);
			inputFileListPaths = (
			);
			inputPaths = (
			);
			name = "[CP] Embed Pods Frameworks";
			outputFileListPaths = (
			);
			outputPaths = (
			);
			runOnlyForDeploymentPostprocessing = 0;
			shellPath = /bin/sh;
			shellScript = "\"${SRCROOT}/Pods/Target Support Files/Pods-ZoomedUITests/Pods-ZoomedUITests-frameworks.sh\"\n";
			showEnvVarsInLog = 0;
		};
		6729B2023E53B8447523AB55 /* [CP] Embed Pods Frameworks */ = {
			isa = PBXShellScriptBuildPhase;
			buildActionMask = 2147483647;
			files = (
			);
			inputFileListPaths = (
			);
			inputPaths = (
			);
			name = "[CP] Embed Pods Frameworks";
			outputFileListPaths = (
			);
			outputPaths = (
			);
			runOnlyForDeploymentPostprocessing = 0;
			shellPath = /bin/sh;
			shellScript = "\"${SRCROOT}/Pods/Target Support Files/Pods-ZoomedTests/Pods-ZoomedTests-frameworks.sh\"\n";
			showEnvVarsInLog = 0;
		};
		67770BDE2B0161FB81E022D9 /* [CP] Copy Pods Resources */ = {
			isa = PBXShellScriptBuildPhase;
			buildActionMask = 2147483647;
			files = (
			);
			inputFileListPaths = (
			);
			inputPaths = (
			);
			name = "[CP] Copy Pods Resources";
			outputFileListPaths = (
			);
			outputPaths = (
			);
			runOnlyForDeploymentPostprocessing = 0;
			shellPath = /bin/sh;
			shellScript = "\"${SRCROOT}/Pods/Target Support Files/Pods-Zoomed/Pods-Zoomed-resources.sh\"\n";
			showEnvVarsInLog = 0;
		};
		90DF8BA11A5D7FE7F92BA045 /* [CP] Copy Pods Resources */ = {
			isa = PBXShellScriptBuildPhase;
			buildActionMask = 2147483647;
			files = (
			);
			inputFileListPaths = (
			);
			inputPaths = (
			);
			name = "[CP] Copy Pods Resources";
			outputFileListPaths = (
			);
			outputPaths = (
			);
			runOnlyForDeploymentPostprocessing = 0;
			shellPath = /bin/sh;
			shellScript = "\"${SRCROOT}/Pods/Target Support Files/Pods-ZoomedUITests/Pods-ZoomedUITests-resources.sh\"\n";
			showEnvVarsInLog = 0;
		};
		A540C2BAE7082B599D6037DE /* [CP] Check Pods Manifest.lock */ = {
			isa = PBXShellScriptBuildPhase;
			buildActionMask = 2147483647;
			files = (
			);
			inputFileListPaths = (
			);
			inputPaths = (
			);
			name = "[CP] Check Pods Manifest.lock";
			outputFileListPaths = (
			);
			outputPaths = (
			);
			runOnlyForDeploymentPostprocessing = 0;
			shellPath = /bin/sh;
			shellScript = "diff \"${PODS_ROOT}/../Podfile.lock\" \"${PODS_ROOT}/Manifest.lock\" > /dev/null\nif [ $? != 0 ] ; then\n    # print error to STDERR\n    echo \"error: The sandbox is not in sync with the Podfile.lock. Run 'pod install' or update your CocoaPods installation.\" >&2\n    exit 1\nfi\n";
			showEnvVarsInLog = 0;
		};
		B3A5A4F77A22CEE3DEF89E54 /* [CP] Check Pods Manifest.lock */ = {
			isa = PBXShellScriptBuildPhase;
			buildActionMask = 2147483647;
			files = (
			);
			inputFileListPaths = (
			);
			inputPaths = (
			);
			name = "[CP] Check Pods Manifest.lock";
			outputFileListPaths = (
			);
			outputPaths = (
			);
			runOnlyForDeploymentPostprocessing = 0;
			shellPath = /bin/sh;
			shellScript = "diff \"${PODS_ROOT}/../Podfile.lock\" \"${PODS_ROOT}/Manifest.lock\" > /dev/null\nif [ $? != 0 ] ; then\n    # print error to STDERR\n    echo \"error: The sandbox is not in sync with the Podfile.lock. Run 'pod install' or update your CocoaPods installation.\" >&2\n    exit 1\nfi\n";
			showEnvVarsInLog = 0;
		};
		B54009B2BE77A2644C5A9C3D /* [CP] Embed Pods Frameworks */ = {
			isa = PBXShellScriptBuildPhase;
			buildActionMask = 2147483647;
			files = (
			);
			inputFileListPaths = (
			);
			inputPaths = (
			);
			name = "[CP] Embed Pods Frameworks";
			outputFileListPaths = (
			);
			outputPaths = (
			);
			runOnlyForDeploymentPostprocessing = 0;
			shellPath = /bin/sh;
			shellScript = "\"${SRCROOT}/Pods/Target Support Files/Pods-Zoomed/Pods-Zoomed-frameworks.sh\"\n";
			showEnvVarsInLog = 0;
		};
		D0858EF56FB7AB0F75E8CDE3 /* [CP] Check Pods Manifest.lock */ = {
			isa = PBXShellScriptBuildPhase;
			buildActionMask = 2147483647;
			files = (
			);
			inputFileListPaths = (
			);
			inputPaths = (
			);
			name = "[CP] Check Pods Manifest.lock";
			outputFileListPaths = (
			);
			outputPaths = (
			);
			runOnlyForDeploymentPostprocessing = 0;
			shellPath = /bin/sh;
			shellScript = "diff \"${PODS_ROOT}/../Podfile.lock\" \"${PODS_ROOT}/Manifest.lock\" > /dev/null\nif [ $? != 0 ] ; then\n    # print error to STDERR\n    echo \"error: The sandbox is not in sync with the Podfile.lock. Run 'pod install' or update your CocoaPods installation.\" >&2\n    exit 1\nfi\n";
			showEnvVarsInLog = 0;
		};
		D0F3712DA6D764DBA23239C8 /* [CP] Copy Pods Resources */ = {
			isa = PBXShellScriptBuildPhase;
			buildActionMask = 2147483647;
			files = (
			);
			inputFileListPaths = (
			);
			inputPaths = (
			);
			name = "[CP] Copy Pods Resources";
			outputFileListPaths = (
			);
			outputPaths = (
			);
			runOnlyForDeploymentPostprocessing = 0;
			shellPath = /bin/sh;
			shellScript = "\"${SRCROOT}/Pods/Target Support Files/Pods-ZoomedTests/Pods-ZoomedTests-resources.sh\"\n";
			showEnvVarsInLog = 0;
		};
/* End PBXShellScriptBuildPhase section */

/* Begin PBXSourcesBuildPhase section */
		A0CD4E122550F70D00FE2458 /* Sources */ = {
			isa = PBXSourcesBuildPhase;
			buildActionMask = 2147483647;
			files = (
				A0C6A647255EAC22008AA16F /* AViewController.m in Sources */,
				A0E91DD52551615900F7511B /* UIScreen+NativeScale.m in Sources */,
				A0E91DCF2551300600F7511B /* UIImageView+ContentScaleFactor.m in Sources */,
				A0CD4E212550F70D00FE2458 /* ViewController.m in Sources */,
				A0CD4E1B2550F70D00FE2458 /* AppDelegate.m in Sources */,
				A0C6A637255EA37D008AA16F /* TestViewController.m in Sources */,
				A0E91DC92551134C00F7511B /* TabBarController.m in Sources */,
				A0E91DBF2551073600F7511B /* ScreenBoundsPrint.m in Sources */,
				A0E91DE4255166CC00F7511B /* PrivateScreenMode.m in Sources */,
				A0C6A641255EA802008AA16F /* NavigationController.m in Sources */,
				A0CD4E2C2550F70F00FE2458 /* main.m in Sources */,
				A0BCAA8A2553A75500075A9D /* PrivateImage.m in Sources */,
			);
			runOnlyForDeploymentPostprocessing = 0;
		};
		A0CD4E2D2550F70F00FE2458 /* Sources */ = {
			isa = PBXSourcesBuildPhase;
			buildActionMask = 2147483647;
			files = (
				A0CD4E362550F70F00FE2458 /* ZoomedTests.m in Sources */,
			);
			runOnlyForDeploymentPostprocessing = 0;
		};
		A0CD4E382550F70F00FE2458 /* Sources */ = {
			isa = PBXSourcesBuildPhase;
			buildActionMask = 2147483647;
			files = (
				A0CD4E412550F70F00FE2458 /* ZoomedUITests.m in Sources */,
			);
			runOnlyForDeploymentPostprocessing = 0;
		};
/* End PBXSourcesBuildPhase section */

/* Begin PBXTargetDependency section */
		A0CD4E332550F70F00FE2458 /* PBXTargetDependency */ = {
			isa = PBXTargetDependency;
			target = A0CD4E152550F70D00FE2458 /* Zoomed */;
			targetProxy = A0CD4E322550F70F00FE2458 /* PBXContainerItemProxy */;
		};
		A0CD4E3E2550F70F00FE2458 /* PBXTargetDependency */ = {
			isa = PBXTargetDependency;
			target = A0CD4E152550F70D00FE2458 /* Zoomed */;
			targetProxy = A0CD4E3D2550F70F00FE2458 /* PBXContainerItemProxy */;
		};
/* End PBXTargetDependency section */

/* Begin PBXVariantGroup section */
		A0CD4E272550F70F00FE2458 /* LaunchScreen.storyboard */ = {
			isa = PBXVariantGroup;
			children = (
				A0CD4E282550F70F00FE2458 /* Base */,
			);
			name = LaunchScreen.storyboard;
			sourceTree = "<group>";
		};
/* End PBXVariantGroup section */

/* Begin XCBuildConfiguration section */
		A0CD4E432550F70F00FE2458 /* Debug */ = {
			isa = XCBuildConfiguration;
			buildSettings = {
				ALWAYS_SEARCH_USER_PATHS = NO;
				CLANG_ANALYZER_NONNULL = YES;
				CLANG_ANALYZER_NUMBER_OBJECT_CONVERSION = YES_AGGRESSIVE;
				CLANG_CXX_LANGUAGE_STANDARD = "gnu++14";
				CLANG_CXX_LIBRARY = "libc++";
				CLANG_ENABLE_MODULES = YES;
				CLANG_ENABLE_OBJC_ARC = YES;
				CLANG_ENABLE_OBJC_WEAK = YES;
				CLANG_WARN_BLOCK_CAPTURE_AUTORELEASING = YES;
				CLANG_WARN_BOOL_CONVERSION = YES;
				CLANG_WARN_COMMA = YES;
				CLANG_WARN_CONSTANT_CONVERSION = YES;
				CLANG_WARN_DEPRECATED_OBJC_IMPLEMENTATIONS = YES;
				CLANG_WARN_DIRECT_OBJC_ISA_USAGE = YES_ERROR;
				CLANG_WARN_DOCUMENTATION_COMMENTS = YES;
				CLANG_WARN_EMPTY_BODY = YES;
				CLANG_WARN_ENUM_CONVERSION = YES;
				CLANG_WARN_INFINITE_RECURSION = YES;
				CLANG_WARN_INT_CONVERSION = YES;
				CLANG_WARN_NON_LITERAL_NULL_CONVERSION = YES;
				CLANG_WARN_OBJC_IMPLICIT_RETAIN_SELF = YES;
				CLANG_WARN_OBJC_LITERAL_CONVERSION = YES;
				CLANG_WARN_OBJC_ROOT_CLASS = YES_ERROR;
				CLANG_WARN_QUOTED_INCLUDE_IN_FRAMEWORK_HEADER = YES;
				CLANG_WARN_RANGE_LOOP_ANALYSIS = YES;
				CLANG_WARN_STRICT_PROTOTYPES = YES;
				CLANG_WARN_SUSPICIOUS_MOVE = YES;
				CLANG_WARN_UNGUARDED_AVAILABILITY = YES_AGGRESSIVE;
				CLANG_WARN_UNREACHABLE_CODE = YES;
				CLANG_WARN__DUPLICATE_METHOD_MATCH = YES;
				COPY_PHASE_STRIP = NO;
				DEBUG_INFORMATION_FORMAT = dwarf;
				ENABLE_STRICT_OBJC_MSGSEND = YES;
				ENABLE_TESTABILITY = YES;
				GCC_C_LANGUAGE_STANDARD = gnu11;
				GCC_DYNAMIC_NO_PIC = NO;
				GCC_NO_COMMON_BLOCKS = YES;
				GCC_OPTIMIZATION_LEVEL = 0;
				GCC_PREPROCESSOR_DEFINITIONS = (
					"DEBUG=1",
					"$(inherited)",
				);
				GCC_WARN_64_TO_32_BIT_CONVERSION = YES;
				GCC_WARN_ABOUT_RETURN_TYPE = YES_ERROR;
				GCC_WARN_UNDECLARED_SELECTOR = YES;
				GCC_WARN_UNINITIALIZED_AUTOS = YES_AGGRESSIVE;
				GCC_WARN_UNUSED_FUNCTION = YES;
				GCC_WARN_UNUSED_VARIABLE = YES;
				IPHONEOS_DEPLOYMENT_TARGET = 14.1;
				MTL_ENABLE_DEBUG_INFO = INCLUDE_SOURCE;
				MTL_FAST_MATH = YES;
				ONLY_ACTIVE_ARCH = YES;
				SDKROOT = iphoneos;
			};
			name = Debug;
		};
		A0CD4E442550F70F00FE2458 /* Release */ = {
			isa = XCBuildConfiguration;
			buildSettings = {
				ALWAYS_SEARCH_USER_PATHS = NO;
				CLANG_ANALYZER_NONNULL = YES;
				CLANG_ANALYZER_NUMBER_OBJECT_CONVERSION = YES_AGGRESSIVE;
				CLANG_CXX_LANGUAGE_STANDARD = "gnu++14";
				CLANG_CXX_LIBRARY = "libc++";
				CLANG_ENABLE_MODULES = YES;
				CLANG_ENABLE_OBJC_ARC = YES;
				CLANG_ENABLE_OBJC_WEAK = YES;
				CLANG_WARN_BLOCK_CAPTURE_AUTORELEASING = YES;
				CLANG_WARN_BOOL_CONVERSION = YES;
				CLANG_WARN_COMMA = YES;
				CLANG_WARN_CONSTANT_CONVERSION = YES;
				CLANG_WARN_DEPRECATED_OBJC_IMPLEMENTATIONS = YES;
				CLANG_WARN_DIRECT_OBJC_ISA_USAGE = YES_ERROR;
				CLANG_WARN_DOCUMENTATION_COMMENTS = YES;
				CLANG_WARN_EMPTY_BODY = YES;
				CLANG_WARN_ENUM_CONVERSION = YES;
				CLANG_WARN_INFINITE_RECURSION = YES;
				CLANG_WARN_INT_CONVERSION = YES;
				CLANG_WARN_NON_LITERAL_NULL_CONVERSION = YES;
				CLANG_WARN_OBJC_IMPLICIT_RETAIN_SELF = YES;
				CLANG_WARN_OBJC_LITERAL_CONVERSION = YES;
				CLANG_WARN_OBJC_ROOT_CLASS = YES_ERROR;
				CLANG_WARN_QUOTED_INCLUDE_IN_FRAMEWORK_HEADER = YES;
				CLANG_WARN_RANGE_LOOP_ANALYSIS = YES;
				CLANG_WARN_STRICT_PROTOTYPES = YES;
				CLANG_WARN_SUSPICIOUS_MOVE = YES;
				CLANG_WARN_UNGUARDED_AVAILABILITY = YES_AGGRESSIVE;
				CLANG_WARN_UNREACHABLE_CODE = YES;
				CLANG_WARN__DUPLICATE_METHOD_MATCH = YES;
				COPY_PHASE_STRIP = NO;
				DEBUG_INFORMATION_FORMAT = "dwarf-with-dsym";
				ENABLE_NS_ASSERTIONS = NO;
				ENABLE_STRICT_OBJC_MSGSEND = YES;
				GCC_C_LANGUAGE_STANDARD = gnu11;
				GCC_NO_COMMON_BLOCKS = YES;
				GCC_WARN_64_TO_32_BIT_CONVERSION = YES;
				GCC_WARN_ABOUT_RETURN_TYPE = YES_ERROR;
				GCC_WARN_UNDECLARED_SELECTOR = YES;
				GCC_WARN_UNINITIALIZED_AUTOS = YES_AGGRESSIVE;
				GCC_WARN_UNUSED_FUNCTION = YES;
				GCC_WARN_UNUSED_VARIABLE = YES;
				IPHONEOS_DEPLOYMENT_TARGET = 14.1;
				MTL_ENABLE_DEBUG_INFO = NO;
				MTL_FAST_MATH = YES;
				SDKROOT = iphoneos;
				VALIDATE_PRODUCT = YES;
			};
			name = Release;
		};
		A0CD4E462550F70F00FE2458 /* Debug */ = {
			isa = XCBuildConfiguration;
			baseConfigurationReference = 8E299038B4CD144128F6154B /* Pods-Zoomed.debug.xcconfig */;
			buildSettings = {
				ASSETCATALOG_COMPILER_APPICON_NAME = AppIcon;
				ASSETCATALOG_COMPILER_GLOBAL_ACCENT_COLOR_NAME = AccentColor;
				CODE_SIGN_STYLE = Automatic;
				DEVELOPMENT_TEAM = SGP5WX546J;
				INFOPLIST_FILE = Zoomed/Info.plist;
				IPHONEOS_DEPLOYMENT_TARGET = 9.0;
				LD_RUNPATH_SEARCH_PATHS = (
					"$(inherited)",
					"@executable_path/Frameworks",
				);
				PRODUCT_BUNDLE_IDENTIFIER = com.wujungao.Zoomed;
				PRODUCT_NAME = "$(TARGET_NAME)";
				TARGETED_DEVICE_FAMILY = "1,2";
			};
			name = Debug;
		};
		A0CD4E472550F70F00FE2458 /* Release */ = {
			isa = XCBuildConfiguration;
			baseConfigurationReference = 3E4D68424E2FF5461BEE3DA1 /* Pods-Zoomed.release.xcconfig */;
			buildSettings = {
				ASSETCATALOG_COMPILER_APPICON_NAME = AppIcon;
				ASSETCATALOG_COMPILER_GLOBAL_ACCENT_COLOR_NAME = AccentColor;
				CODE_SIGN_STYLE = Automatic;
				DEVELOPMENT_TEAM = SGP5WX546J;
				INFOPLIST_FILE = Zoomed/Info.plist;
				IPHONEOS_DEPLOYMENT_TARGET = 9.0;
				LD_RUNPATH_SEARCH_PATHS = (
					"$(inherited)",
					"@executable_path/Frameworks",
				);
				PRODUCT_BUNDLE_IDENTIFIER = com.wujungao.Zoomed;
				PRODUCT_NAME = "$(TARGET_NAME)";
				TARGETED_DEVICE_FAMILY = "1,2";
			};
			name = Release;
		};
		A0CD4E492550F70F00FE2458 /* Debug */ = {
			isa = XCBuildConfiguration;
			baseConfigurationReference = 4B054421529CFC70FA7E04C3 /* Pods-ZoomedTests.debug.xcconfig */;
			buildSettings = {
				BUNDLE_LOADER = "$(TEST_HOST)";
				CODE_SIGN_STYLE = Automatic;
				DEVELOPMENT_TEAM = SGP5WX546J;
				INFOPLIST_FILE = ZoomedTests/Info.plist;
				IPHONEOS_DEPLOYMENT_TARGET = 14.1;
				LD_RUNPATH_SEARCH_PATHS = (
					"$(inherited)",
					"@executable_path/Frameworks",
					"@loader_path/Frameworks",
				);
				PRODUCT_BUNDLE_IDENTIFIER = com.wujungao.ZoomedTests;
				PRODUCT_NAME = "$(TARGET_NAME)";
				TARGETED_DEVICE_FAMILY = "1,2";
				TEST_HOST = "$(BUILT_PRODUCTS_DIR)/Zoomed.app/Zoomed";
			};
			name = Debug;
		};
		A0CD4E4A2550F70F00FE2458 /* Release */ = {
			isa = XCBuildConfiguration;
			baseConfigurationReference = DE0CF3E4B4E5C16DF6F28785 /* Pods-ZoomedTests.release.xcconfig */;
			buildSettings = {
				BUNDLE_LOADER = "$(TEST_HOST)";
				CODE_SIGN_STYLE = Automatic;
				DEVELOPMENT_TEAM = SGP5WX546J;
				INFOPLIST_FILE = ZoomedTests/Info.plist;
				IPHONEOS_DEPLOYMENT_TARGET = 14.1;
				LD_RUNPATH_SEARCH_PATHS = (
					"$(inherited)",
					"@executable_path/Frameworks",
					"@loader_path/Frameworks",
				);
				PRODUCT_BUNDLE_IDENTIFIER = com.wujungao.ZoomedTests;
				PRODUCT_NAME = "$(TARGET_NAME)";
				TARGETED_DEVICE_FAMILY = "1,2";
				TEST_HOST = "$(BUILT_PRODUCTS_DIR)/Zoomed.app/Zoomed";
			};
			name = Release;
		};
		A0CD4E4C2550F70F00FE2458 /* Debug */ = {
			isa = XCBuildConfiguration;
			baseConfigurationReference = 88DF435F4868CAE2D4E70F4F /* Pods-ZoomedUITests.debug.xcconfig */;
			buildSettings = {
				CODE_SIGN_STYLE = Automatic;
				DEVELOPMENT_TEAM = SGP5WX546J;
				INFOPLIST_FILE = ZoomedUITests/Info.plist;
				LD_RUNPATH_SEARCH_PATHS = (
					"$(inherited)",
					"@executable_path/Frameworks",
					"@loader_path/Frameworks",
				);
				PRODUCT_BUNDLE_IDENTIFIER = com.wujungao.ZoomedUITests;
				PRODUCT_NAME = "$(TARGET_NAME)";
				TARGETED_DEVICE_FAMILY = "1,2";
				TEST_TARGET_NAME = Zoomed;
			};
			name = Debug;
		};
		A0CD4E4D2550F70F00FE2458 /* Release */ = {
			isa = XCBuildConfiguration;
			baseConfigurationReference = 3B1495BCD52F45BAC3C4556C /* Pods-ZoomedUITests.release.xcconfig */;
			buildSettings = {
				CODE_SIGN_STYLE = Automatic;
				DEVELOPMENT_TEAM = SGP5WX546J;
				INFOPLIST_FILE = ZoomedUITests/Info.plist;
				LD_RUNPATH_SEARCH_PATHS = (
					"$(inherited)",
					"@executable_path/Frameworks",
					"@loader_path/Frameworks",
				);
				PRODUCT_BUNDLE_IDENTIFIER = com.wujungao.ZoomedUITests;
				PRODUCT_NAME = "$(TARGET_NAME)";
				TARGETED_DEVICE_FAMILY = "1,2";
				TEST_TARGET_NAME = Zoomed;
			};
			name = Release;
		};
/* End XCBuildConfiguration section */

/* Begin XCConfigurationList section */
		A0CD4E112550F70D00FE2458 /* Build configuration list for PBXProject "Zoomed" */ = {
			isa = XCConfigurationList;
			buildConfigurations = (
				A0CD4E432550F70F00FE2458 /* Debug */,
				A0CD4E442550F70F00FE2458 /* Release */,
			);
			defaultConfigurationIsVisible = 0;
			defaultConfigurationName = Release;
		};
		A0CD4E452550F70F00FE2458 /* Build configuration list for PBXNativeTarget "Zoomed" */ = {
			isa = XCConfigurationList;
			buildConfigurations = (
				A0CD4E462550F70F00FE2458 /* Debug */,
				A0CD4E472550F70F00FE2458 /* Release */,
			);
			defaultConfigurationIsVisible = 0;
			defaultConfigurationName = Release;
		};
		A0CD4E482550F70F00FE2458 /* Build configuration list for PBXNativeTarget "ZoomedTests" */ = {
			isa = XCConfigurationList;
			buildConfigurations = (
				A0CD4E492550F70F00FE2458 /* Debug */,
				A0CD4E4A2550F70F00FE2458 /* Release */,
			);
			defaultConfigurationIsVisible = 0;
			defaultConfigurationName = Release;
		};
		A0CD4E4B2550F70F00FE2458 /* Build configuration list for PBXNativeTarget "ZoomedUITests" */ = {
			isa = XCConfigurationList;
			buildConfigurations = (
				A0CD4E4C2550F70F00FE2458 /* Debug */,
				A0CD4E4D2550F70F00FE2458 /* Release */,
			);
			defaultConfigurationIsVisible = 0;
			defaultConfigurationName = Release;
		};
/* End XCConfigurationList section */
	};
	rootObject = A0CD4E0E2550F70D00FE2458 /* Project object */;
}
